PODS:
  - kflite (1.0):
    - TensorFlowLiteC
  - TensorFlowLiteC (2.17.0):
    - TensorFlowLiteC/Core (= 2.17.0)
  - TensorFlowLiteC/Core (2.17.0)

DEPENDENCIES:
  - kflite (from `../kflite`)
  - TensorFlowLiteC

SPEC REPOS:
  trunk:
    - TensorFlowLiteC

EXTERNAL SOURCES:
  kflite:
    :path: "../kflite"

SPEC CHECKSUMS:
  kflite: 23df4ca980806a1bf72efdef8371564773179595
  TensorFlowLiteC: eac6d689a8d391d1b202dc59e3d9165ba64aaf73

PODFILE CHECKSUM: 6121ab1f0048039faf3bd5e6a24ca515c3909fd9

COCOAPODS: 1.16.2
